github.com/digitalocean/go-libvirt v0.0.0-20260217163227-273eaa321819 h1:1LiSa7NuVnyRbxDdNqS4nc15s6fI+Q1xiNklWA1qJ30=
github.com/digitalocean/go-libvirt v0.0.0-20260217163227-273eaa321819/go.mod h1:qb0Ofa71d3oXARQf633h2tNaeBxLsVxuDp+jcsVO2+4=
golang.org/x/crypto v0.48.0 h1:/VRzVqiRSggnhY7gNRxPauEQ5Drw9haKdM0jqfcCFts=
golang.org/x/crypto v0.48.0/go.mod h1:r0kV5h3qnFPlQnBSrULhlsRfryS2pmewsg+XfMgkVos=
golang.org/x/sys v0.41.0 h1:Ivj+2Cp/ylzLiEU89QhWblYnOE9zerudt9Ftecq2C6k=
golang.org/x/sys v0.41.0/go.mod h1:OgkHotnGiDImocRcuBABYBEXf8A9a87e/uXjp9XT3ks=
